# This file was autogenerated by uv via the following command:
#    uv export -o requirements.lock --no-hashes
blinker==1.9.0
    # via flask
click==8.2.1
    # via flask
colorama==0.4.6 ; sys_platform == 'win32'
    # via click
flask==3.1.1
    # via othello-simulator
itsdangerous==2.2.0
    # via flask
jinja2==3.1.6
    # via flask
markupsafe==3.0.2
    # via
    #   flask
    #   jinja2
    #   werkzeug
mypy==1.17.1
mypy-extensions==1.1.0
    # via mypy
pathspec==0.12.1
    # via mypy
ruff==0.12.8
tomli==2.2.1 ; python_full_version < '3.11'
    # via mypy
typing-extensions==4.14.1
    # via mypy
werkzeug==3.1.3
    # via flask
